
Microsoft Visual Studio Solution File, Format Version 12.00
# Visual Studio Version 17
VisualStudioVersion = 17.14.36121.58 d17.14
MinimumVisualStudioVersion = 10.0.40219.1
Project("{FAE04EC0-301F-11D3-BF4B-00C04F79EFBC}") = "SCAD_API_V2", "SCAD_API_V2\SCAD_API_V2.csproj", "{95D4FD71-2795-414E-862F-11EEC64E2B51}"
EndProject
Global
	GlobalSection(SolutionConfigurationPlatforms) = preSolution
		Debug|Any CPU = Debug|Any CPU
		Release|Any CPU = Release|Any CPU
	EndGlobalSection
	GlobalSection(ProjectConfigurationPlatforms) = postSolution
		{95D4FD71-2795-414E-862F-11EEC64E2B51}.Debug|Any CPU.ActiveCfg = Debug|Any CPU
		{95D4FD71-2795-414E-862F-11EEC64E2B51}.Debug|Any CPU.Build.0 = Debug|Any CPU
		{95D4FD71-2795-414E-862F-11EEC64E2B51}.Release|Any CPU.ActiveCfg = Release|Any CPU
		{95D4FD71-2795-414E-862F-11EEC64E2B51}.Release|Any CPU.Build.0 = Release|Any CPU
	EndGlobalSection
	GlobalSection(SolutionProperties) = preSolution
		HideSolutionNode = FALSE
	EndGlobalSection
	GlobalSection(ExtensibilityGlobals) = postSolution
		SolutionGuid = {241DC0FC-3C6D-4D05-9110-B6119F3DFD96}
	EndGlobalSection
EndGlobal
